
Microsoft Visual Studio Solution File, Format Version 12.00
# Visual Studio Version 17
VisualStudioVersion = 17.2.32519.379
MinimumVisualStudioVersion = 10.0.40219.1
Project("{FAE04EC0-301F-11D3-BF4B-00C04F79EFBC}") = "excercise table", "excercise table\excercise table.csproj", "{6966914B-BFCA-47EB-AD97-4110157226AD}"
EndProject
Global
	GlobalSection(SolutionConfigurationPlatforms) = preSolution
		Debug|Any CPU = Debug|Any CPU
		Release|Any CPU = Release|Any CPU
	EndGlobalSection
	GlobalSection(ProjectConfigurationPlatforms) = postSolution
		{6966914B-BFCA-47EB-AD97-4110157226AD}.Debug|Any CPU.ActiveCfg = Debug|Any CPU
		{6966914B-BFCA-47EB-AD97-4110157226AD}.Debug|Any CPU.Build.0 = Debug|Any CPU
		{6966914B-BFCA-47EB-AD97-4110157226AD}.Release|Any CPU.ActiveCfg = Release|Any CPU
		{6966914B-BFCA-47EB-AD97-4110157226AD}.Release|Any CPU.Build.0 = Release|Any CPU
	EndGlobalSection
	GlobalSection(SolutionProperties) = preSolution
		HideSolutionNode = FALSE
	EndGlobalSection
	GlobalSection(ExtensibilityGlobals) = postSolution
		SolutionGuid = {E38F5305-8C68-4ADC-B6F3-2CD3B5DD9883}
	EndGlobalSection
EndGlobal
